PODS:
  - advance_pdf_viewer2 (1.0.5):
    - Flutter
  - document_scanner_flutter (1.0.0):
    - Flutter
    - WeScan
  - Flutter (1.0.0)
  - FMDB (2.7.9):
    - FMDB/standard (= 2.7.9)
  - FMDB/standard (2.7.9)
  - path_provider_foundation (1.0.0):
    - Flutter
    - FlutterMacOS
  - sqflite (0.0.2):
    - Flutter
    - FMDB (>= 2.7.5)
  - WeScan (3.0.0)

DEPENDENCIES:
  - advance_pdf_viewer2 (from `.symlinks/plugins/advance_pdf_viewer2/ios`)
  - document_scanner_flutter (from `.symlinks/plugins/document_scanner_flutter/ios`)
  - Flutter (from `Flutter`)
  - path_provider_foundation (from `.symlinks/plugins/path_provider_foundation/darwin`)
  - sqflite (from `.symlinks/plugins/sqflite/ios`)
  - WeScan (from `.symlinks/plugins/document_scanner_flutter/ios/WeScan-3.0.0`)

SPEC REPOS:
  trunk:
    - FMDB

EXTERNAL SOURCES:
  advance_pdf_viewer2:
    :path: ".symlinks/plugins/advance_pdf_viewer2/ios"
  document_scanner_flutter:
    :path: ".symlinks/plugins/document_scanner_flutter/ios"
  Flutter:
    :path: Flutter
  path_provider_foundation:
    :path: ".symlinks/plugins/path_provider_foundation/darwin"
  sqflite:
    :path: ".symlinks/plugins/sqflite/ios"
  WeScan:
    :path: ".symlinks/plugins/document_scanner_flutter/ios/WeScan-3.0.0"

SPEC CHECKSUMS:
  advance_pdf_viewer2: e4df833fc3120011b681eb2fa2fb780a3e85f6c3
  document_scanner_flutter: b5dc95b66df86d5e41098f6d3f861c923caf2fd6
  Flutter: e0871f40cf51350855a761d2e70bf5af5b9b5de7
  FMDB: aa44149f6fb634b1ac54f64f47064bb0d0c5a032
  path_provider_foundation: 3784922295ac71e43754bd15e0653ccfd36a147c
  sqflite: 6d358c025f5b867b29ed92fc697fd34924e11904
  WeScan: f50277f7304d146d9ebc4ebdc1b587df84dcdd8b

PODFILE CHECKSUM: 527d88d4086aad8aa7f3d984bd07b31a27bdf75f

COCOAPODS: 1.15.2
